
Microsoft Visual Studio Solution File, Format Version 12.00
# Visual Studio Version 17
VisualStudioVersion = 17.0.32014.148
MinimumVisualStudioVersion = 10.0.40219.1
Project("{8BC9CEB8-8B4A-11D0-8D11-00A0C91BC942}") = "Quiz", "Quiz.vcxproj", "{121ACEFA-6236-49ED-92F2-3F75111FD212}"
EndProject
Global
	GlobalSection(SolutionConfigurationPlatforms) = preSolution
		Debug|x64 = Debug|x64
		Release|x64 = Release|x64
	EndGlobalSection
	GlobalSection(ProjectConfigurationPlatforms) = postSolution
		{121ACEFA-6236-49ED-92F2-3F75111FD212}.Debug|x64.ActiveCfg = Debug|x64
		{121ACEFA-6236-49ED-92F2-3F75111FD212}.Debug|x64.Build.0 = Debug|x64
		{121ACEFA-6236-49ED-92F2-3F75111FD212}.Release|x64.ActiveCfg = Release|x64
		{121ACEFA-6236-49ED-92F2-3F75111FD212}.Release|x64.Build.0 = Release|x64
	EndGlobalSection
	GlobalSection(SolutionProperties) = preSolution
		HideSolutionNode = FALSE
	EndGlobalSection
	GlobalSection(ExtensibilityGlobals) = postSolution
		SolutionGuid = {5FC4D4B3-5DE7-4E34-B4B1-4BD5DC7353D9}
	EndGlobalSection
EndGlobal
